// !$*UTF8*$!
{
	archiveVersion = 1;
	classes = {
	};
	objectVersion = 46;
	objects = {

/* Begin PBXBuildFile section */
		BEA120851C8DB50D008BCEC9 /* main.m in Sources */ = {isa = PBXBuildFile; fileRef = BEA120841C8DB50D008BCEC9 /* main.m */; };
		BEA120881C8DB50D008BCEC9 /* AppDelegate.m in Sources */ = {isa = PBXBuildFile; fileRef = BEA120871C8DB50D008BCEC9 /* AppDelegate.m */; };
		BEA1208B1C8DB50D008BCEC9 /* ViewController.m in Sources */ = {isa = PBXBuildFile; fileRef = BEA1208A1C8DB50D008BCEC9 /* ViewController.m */; };
		BEA1208E1C8DB50D008BCEC9 /* Main.storyboard in Resources */ = {isa = PBXBuildFile; fileRef = BEA1208C1C8DB50D008BCEC9 /* Main.storyboard */; };
		BEA120901C8DB50D008BCEC9 /* Assets.xcassets in Resources */ = {isa = PBXBuildFile; fileRef = BEA1208F1C8DB50D008BCEC9 /* Assets.xcassets */; };
		BEA120931C8DB50D008BCEC9 /* LaunchScreen.storyboard in Resources */ = {isa = PBXBuildFile; fileRef = BEA120911C8DB50D008BCEC9 /* LaunchScreen.storyboard */; };
		BEA120B41C8DB537008BCEC9 /* MASCompositeConstraint.m in Sources */ = {isa = PBXBuildFile; fileRef = BEA1209C1C8DB537008BCEC9 /* MASCompositeConstraint.m */; };
		BEA120B51C8DB537008BCEC9 /* MASConstraint.m in Sources */ = {isa = PBXBuildFile; fileRef = BEA1209F1C8DB537008BCEC9 /* MASConstraint.m */; };
		BEA120B61C8DB537008BCEC9 /* MASConstraintMaker.m in Sources */ = {isa = PBXBuildFile; fileRef = BEA120A11C8DB537008BCEC9 /* MASConstraintMaker.m */; };
		BEA120B71C8DB537008BCEC9 /* MASLayoutConstraint.m in Sources */ = {isa = PBXBuildFile; fileRef = BEA120A31C8DB537008BCEC9 /* MASLayoutConstraint.m */; };
		BEA120B81C8DB537008BCEC9 /* MASViewAttribute.m in Sources */ = {isa = PBXBuildFile; fileRef = BEA120A71C8DB537008BCEC9 /* MASViewAttribute.m */; };
		BEA120B91C8DB537008BCEC9 /* MASViewConstraint.m in Sources */ = {isa = PBXBuildFile; fileRef = BEA120A91C8DB537008BCEC9 /* MASViewConstraint.m */; };
		BEA120BA1C8DB537008BCEC9 /* NSArray+MASAdditions.m in Sources */ = {isa = PBXBuildFile; fileRef = BEA120AB1C8DB537008BCEC9 /* NSArray+MASAdditions.m */; };
		BEA120BB1C8DB537008BCEC9 /* NSLayoutConstraint+MASDebugAdditions.m in Sources */ = {isa = PBXBuildFile; fileRef = BEA120AE1C8DB537008BCEC9 /* NSLayoutConstraint+MASDebugAdditions.m */; };
		BEA120BC1C8DB537008BCEC9 /* View+MASAdditions.m in Sources */ = {isa = PBXBuildFile; fileRef = BEA120B01C8DB537008BCEC9 /* View+MASAdditions.m */; };
		BEA120BD1C8DB537008BCEC9 /* ViewController+MASAdditions.m in Sources */ = {isa = PBXBuildFile; fileRef = BEA120B31C8DB537008BCEC9 /* ViewController+MASAdditions.m */; };
/* End PBXBuildFile section */

/* Begin PBXFileReference section */
		BEA120801C8DB50D008BCEC9 /* masonry1.app */ = {isa = PBXFileReference; explicitFileType = wrapper.application; includeInIndex = 0; path = masonry1.app; sourceTree = BUILT_PRODUCTS_DIR; };
		BEA120841C8DB50D008BCEC9 /* main.m */ = {isa = PBXFileReference; lastKnownFileType = sourcecode.c.objc; path = main.m; sourceTree = "<group>"; };
		BEA120861C8DB50D008BCEC9 /* AppDelegate.h */ = {isa = PBXFileReference; lastKnownFileType = sourcecode.c.h; path = AppDelegate.h; sourceTree = "<group>"; };
		BEA120871C8DB50D008BCEC9 /* AppDelegate.m */ = {isa = PBXFileReference; lastKnownFileType = sourcecode.c.objc; path = AppDelegate.m; sourceTree = "<group>"; };
		BEA120891C8DB50D008BCEC9 /* ViewController.h */ = {isa = PBXFileReference; lastKnownFileType = sourcecode.c.h; path = ViewController.h; sourceTree = "<group>"; };
		BEA1208A1C8DB50D008BCEC9 /* ViewController.m */ = {isa = PBXFileReference; lastKnownFileType = sourcecode.c.objc; path = ViewController.m; sourceTree = "<group>"; };
		BEA1208D1C8DB50D008BCEC9 /* Base */ = {isa = PBXFileReference; lastKnownFileType = file.storyboard; name = Base; path = Base.lproj/Main.storyboard; sourceTree = "<group>"; };
		BEA1208F1C8DB50D008BCEC9 /* Assets.xcassets */ = {isa = PBXFileReference; lastKnownFileType = folder.assetcatalog; path = Assets.xcassets; sourceTree = "<group>"; };
		BEA120921C8DB50D008BCEC9 /* Base */ = {isa = PBXFileReference; lastKnownFileType = file.storyboard; name = Base; path = Base.lproj/LaunchScreen.storyboard; sourceTree = "<group>"; };
		BEA120941C8DB50D008BCEC9 /* Info.plist */ = {isa = PBXFileReference; lastKnownFileType = text.plist.xml; path = Info.plist; sourceTree = "<group>"; };
		BEA1209B1C8DB537008BCEC9 /* MASCompositeConstraint.h */ = {isa = PBXFileReference; fileEncoding = 4; lastKnownFileType = sourcecode.c.h; path = MASCompositeConstraint.h; sourceTree = "<group>"; };
		BEA1209C1C8DB537008BCEC9 /* MASCompositeConstraint.m */ = {isa = PBXFileReference; fileEncoding = 4; lastKnownFileType = sourcecode.c.objc; path = MASCompositeConstraint.m; sourceTree = "<group>"; };
		BEA1209D1C8DB537008BCEC9 /* MASConstraint+Private.h */ = {isa = PBXFileReference; fileEncoding = 4; lastKnownFileType = sourcecode.c.h; path = "MASConstraint+Private.h"; sourceTree = "<group>"; };
		BEA1209E1C8DB537008BCEC9 /* MASConstraint.h */ = {isa = PBXFileReference; fileEncoding = 4; lastKnownFileType = sourcecode.c.h; path = MASConstraint.h; sourceTree = "<group>"; };
		BEA1209F1C8DB537008BCEC9 /* MASConstraint.m */ = {isa = PBXFileReference; fileEncoding = 4; lastKnownFileType = sourcecode.c.objc; path = MASConstraint.m; sourceTree = "<group>"; };
		BEA120A01C8DB537008BCEC9 /* MASConstraintMaker.h */ = {isa = PBXFileReference; fileEncoding = 4; lastKnownFileType = sourcecode.c.h; path = MASConstraintMaker.h; sourceTree = "<group>"; };
		BEA120A11C8DB537008BCEC9 /* MASConstraintMaker.m */ = {isa = PBXFileReference; fileEncoding = 4; lastKnownFileType = sourcecode.c.objc; path = MASConstraintMaker.m; sourceTree = "<group>"; };
		BEA120A21C8DB537008BCEC9 /* MASLayoutConstraint.h */ = {isa = PBXFileReference; fileEncoding = 4; lastKnownFileType = sourcecode.c.h; path = MASLayoutConstraint.h; sourceTree = "<group>"; };
		BEA120A31C8DB537008BCEC9 /* MASLayoutConstraint.m */ = {isa = PBXFileReference; fileEncoding = 4; lastKnownFileType = sourcecode.c.objc; path = MASLayoutConstraint.m; sourceTree = "<group>"; };
		BEA120A41C8DB537008BCEC9 /* Masonry.h */ = {isa = PBXFileReference; fileEncoding = 4; lastKnownFileType = sourcecode.c.h; path = Masonry.h; sourceTree = "<group>"; };
		BEA120A51C8DB537008BCEC9 /* MASUtilities.h */ = {isa = PBXFileReference; fileEncoding = 4; lastKnownFileType = sourcecode.c.h; path = MASUtilities.h; sourceTree = "<group>"; };
		BEA120A61C8DB537008BCEC9 /* MASViewAttribute.h */ = {isa = PBXFileReference; fileEncoding = 4; lastKnownFileType = sourcecode.c.h; path = MASViewAttribute.h; sourceTree = "<group>"; };
		BEA120A71C8DB537008BCEC9 /* MASViewAttribute.m */ = {isa = PBXFileReference; fileEncoding = 4; lastKnownFileType = sourcecode.c.objc; path = MASViewAttribute.m; sourceTree = "<group>"; };
		BEA120A81C8DB537008BCEC9 /* MASViewConstraint.h */ = {isa = PBXFileReference; fileEncoding = 4; lastKnownFileType = sourcecode.c.h; path = MASViewConstraint.h; sourceTree = "<group>"; };
		BEA120A91C8DB537008BCEC9 /* MASViewConstraint.m */ = {isa = PBXFileReference; fileEncoding = 4; lastKnownFileType = sourcecode.c.objc; path = MASViewConstraint.m; sourceTree = "<group>"; };
		BEA120AA1C8DB537008BCEC9 /* NSArray+MASAdditions.h */ = {isa = PBXFileReference; fileEncoding = 4; lastKnownFileType = sourcecode.c.h; path = "NSArray+MASAdditions.h"; sourceTree = "<group>"; };
		BEA120AB1C8DB537008BCEC9 /* NSArray+MASAdditions.m */ = {isa = PBXFileReference; fileEncoding = 4; lastKnownFileType = sourcecode.c.objc; path = "NSArray+MASAdditions.m"; sourceTree = "<group>"; };
		BEA120AC1C8DB537008BCEC9 /* NSArray+MASShorthandAdditions.h */ = {isa = PBXFileReference; fileEncoding = 4; lastKnownFileType = sourcecode.c.h; path = "NSArray+MASShorthandAdditions.h"; sourceTree = "<group>"; };
		BEA120AD1C8DB537008BCEC9 /* NSLayoutConstraint+MASDebugAdditions.h */ = {isa = PBXFileReference; fileEncoding = 4; lastKnownFileType = sourcecode.c.h; path = "NSLayoutConstraint+MASDebugAdditions.h"; sourceTree = "<group>"; };
		BEA120AE1C8DB537008BCEC9 /* NSLayoutConstraint+MASDebugAdditions.m */ = {isa = PBXFileReference; fileEncoding = 4; lastKnownFileType = sourcecode.c.objc; path = "NSLayoutConstraint+MASDebugAdditions.m"; sourceTree = "<group>"; };
		BEA120AF1C8DB537008BCEC9 /* View+MASAdditions.h */ = {isa = PBXFileReference; fileEncoding = 4; lastKnownFileType = sourcecode.c.h; path = "View+MASAdditions.h"; sourceTree = "<group>"; };
		BEA120B01C8DB537008BCEC9 /* View+MASAdditions.m */ = {isa = PBXFileReference; fileEncoding = 4; lastKnownFileType = sourcecode.c.objc; path = "View+MASAdditions.m"; sourceTree = "<group>"; };
		BEA120B11C8DB537008BCEC9 /* View+MASShorthandAdditions.h */ = {isa = PBXFileReference; fileEncoding = 4; lastKnownFileType = sourcecode.c.h; path = "View+MASShorthandAdditions.h"; sourceTree = "<group>"; };
		BEA120B21C8DB537008BCEC9 /* ViewController+MASAdditions.h */ = {isa = PBXFileReference; fileEncoding = 4; lastKnownFileType = sourcecode.c.h; path = "ViewController+MASAdditions.h"; sourceTree = "<group>"; };
		BEA120B31C8DB537008BCEC9 /* ViewController+MASAdditions.m */ = {isa = PBXFileReference; fileEncoding = 4; lastKnownFileType = sourcecode.c.objc; path = "ViewController+MASAdditions.m"; sourceTree = "<group>"; };
/* End PBXFileReference section */

/* Begin PBXFrameworksBuildPhase section */
		BEA1207D1C8DB50D008BCEC9 /* Frameworks */ = {
			isa = PBXFrameworksBuildPhase;
			buildActionMask = 2147483647;
			files = (
			);
			runOnlyForDeploymentPostprocessing = 0;
		};
/* End PBXFrameworksBuildPhase section */

/* Begin PBXGroup section */
		BEA120771C8DB50D008BCEC9 = {
			isa = PBXGroup;
			children = (
				BEA120821C8DB50D008BCEC9 /* masonry1 */,
				BEA120811C8DB50D008BCEC9 /* Products */,
			);
			sourceTree = "<group>";
		};
		BEA120811C8DB50D008BCEC9 /* Products */ = {
			isa = PBXGroup;
			children = (
				BEA120801C8DB50D008BCEC9 /* masonry1.app */,
			);
			name = Products;
			sourceTree = "<group>";
		};
		BEA120821C8DB50D008BCEC9 /* masonry1 */ = {
			isa = PBXGroup;
			children = (
				BEA1209A1C8DB537008BCEC9 /* Masonry */,
				BEA120861C8DB50D008BCEC9 /* AppDelegate.h */,
				BEA120871C8DB50D008BCEC9 /* AppDelegate.m */,
				BEA120891C8DB50D008BCEC9 /* ViewController.h */,
				BEA1208A1C8DB50D008BCEC9 /* ViewController.m */,
				BEA1208C1C8DB50D008BCEC9 /* Main.storyboard */,
				BEA1208F1C8DB50D008BCEC9 /* Assets.xcassets */,
				BEA120911C8DB50D008BCEC9 /* LaunchScreen.storyboard */,
				BEA120941C8DB50D008BCEC9 /* Info.plist */,
				BEA120831C8DB50D008BCEC9 /* Supporting Files */,
			);
			path = masonry1;
			sourceTree = "<group>";
		};
		BEA120831C8DB50D008BCEC9 /* Supporting Files */ = {
			isa = PBXGroup;
			children = (
				BEA120841C8DB50D008BCEC9 /* main.m */,
			);
			name = "Supporting Files";
			sourceTree = "<group>";
		};
		BEA1209A1C8DB537008BCEC9 /* Masonry */ = {
			isa = PBXGroup;
			children = (
				BEA1209B1C8DB537008BCEC9 /* MASCompositeConstraint.h */,
				BEA1209C1C8DB537008BCEC9 /* MASCompositeConstraint.m */,
				BEA1209D1C8DB537008BCEC9 /* MASConstraint+Private.h */,
				BEA1209E1C8DB537008BCEC9 /* MASConstraint.h */,
				BEA1209F1C8DB537008BCEC9 /* MASConstraint.m */,
				BEA120A01C8DB537008BCEC9 /* MASConstraintMaker.h */,
				BEA120A11C8DB537008BCEC9 /* MASConstraintMaker.m */,
				BEA120A21C8DB537008BCEC9 /* MASLayoutConstraint.h */,
				BEA120A31C8DB537008BCEC9 /* MASLayoutConstraint.m */,
				BEA120A41C8DB537008BCEC9 /* Masonry.h */,
				BEA120A51C8DB537008BCEC9 /* MASUtilities.h */,
				BEA120A61C8DB537008BCEC9 /* MASViewAttribute.h */,
				BEA120A71C8DB537008BCEC9 /* MASViewAttribute.m */,
				BEA120A81C8DB537008BCEC9 /* MASViewConstraint.h */,
				BEA120A91C8DB537008BCEC9 /* MASViewConstraint.m */,
				BEA120AA1C8DB537008BCEC9 /* NSArray+MASAdditions.h */,
				BEA120AB1C8DB537008BCEC9 /* NSArray+MASAdditions.m */,
				BEA120AC1C8DB537008BCEC9 /* NSArray+MASShorthandAdditions.h */,
				BEA120AD1C8DB537008BCEC9 /* NSLayoutConstraint+MASDebugAdditions.h */,
				BEA120AE1C8DB537008BCEC9 /* NSLayoutConstraint+MASDebugAdditions.m */,
				BEA120AF1C8DB537008BCEC9 /* View+MASAdditions.h */,
				BEA120B01C8DB537008BCEC9 /* View+MASAdditions.m */,
				BEA120B11C8DB537008BCEC9 /* View+MASShorthandAdditions.h */,
				BEA120B21C8DB537008BCEC9 /* ViewController+MASAdditions.h */,
				BEA120B31C8DB537008BCEC9 /* ViewController+MASAdditions.m */,
			);
			path = Masonry;
			sourceTree = "<group>";
		};
/* End PBXGroup section */

/* Begin PBXNativeTarget section */
		BEA1207F1C8DB50D008BCEC9 /* masonry1 */ = {
			isa = PBXNativeTarget;
			buildConfigurationList = BEA120971C8DB50D008BCEC9 /* Build configuration list for PBXNativeTarget "masonry1" */;
			buildPhases = (
				BEA1207C1C8DB50D008BCEC9 /* Sources */,
				BEA1207D1C8DB50D008BCEC9 /* Frameworks */,
				BEA1207E1C8DB50D008BCEC9 /* Resources */,
			);
			buildRules = (
			);
			dependencies = (
			);
			name = masonry1;
			productName = masonry1;
			productReference = BEA120801C8DB50D008BCEC9 /* masonry1.app */;
			productType = "com.apple.product-type.application";
		};
/* End PBXNativeTarget section */

/* Begin PBXProject section */
		BEA120781C8DB50D008BCEC9 /* Project object */ = {
			isa = PBXProject;
			attributes = {
				LastUpgradeCheck = 0720;
				ORGANIZATIONNAME = wan;
				TargetAttributes = {
					BEA1207F1C8DB50D008BCEC9 = {
						CreatedOnToolsVersion = 7.2;
						DevelopmentTeam = 8BFC43UC2M;
					};
				};
			};
			buildConfigurationList = BEA1207B1C8DB50D008BCEC9 /* Build configuration list for PBXProject "masonry1" */;
			compatibilityVersion = "Xcode 3.2";
			developmentRegion = English;
			hasScannedForEncodings = 0;
			knownRegions = (
				en,
				Base,
			);
			mainGroup = BEA120771C8DB50D008BCEC9;
			productRefGroup = BEA120811C8DB50D008BCEC9 /* Products */;
			projectDirPath = "";
			projectRoot = "";
			targets = (
				BEA1207F1C8DB50D008BCEC9 /* masonry1 */,
			);
		};
/* End PBXProject section */

/* Begin PBXResourcesBuildPhase section */
		BEA1207E1C8DB50D008BCEC9 /* Resources */ = {
			isa = PBXResourcesBuildPhase;
			buildActionMask = 2147483647;
			files = (
				BEA120931C8DB50D008BCEC9 /* LaunchScreen.storyboard in Resources */,
				BEA120901C8DB50D008BCEC9 /* Assets.xcassets in Resources */,
				BEA1208E1C8DB50D008BCEC9 /* Main.storyboard in Resources */,
			);
			runOnlyForDeploymentPostprocessing = 0;
		};
/* End PBXResourcesBuildPhase section */

/* Begin PBXSourcesBuildPhase section */
		BEA1207C1C8DB50D008BCEC9 /* Sources */ = {
			isa = PBXSourcesBuildPhase;
			buildActionMask = 2147483647;
			files = (
				BEA120BB1C8DB537008BCEC9 /* NSLayoutConstraint+MASDebugAdditions.m in Sources */,
				BEA120B91C8DB537008BCEC9 /* MASViewConstraint.m in Sources */,
				BEA120B41C8DB537008BCEC9 /* MASCompositeConstraint.m in Sources */,
				BEA120BA1C8DB537008BCEC9 /* NSArray+MASAdditions.m in Sources */,
				BEA1208B1C8DB50D008BCEC9 /* ViewController.m in Sources */,
				BEA120881C8DB50D008BCEC9 /* AppDelegate.m in Sources */,
				BEA120B71C8DB537008BCEC9 /* MASLayoutConstraint.m in Sources */,
				BEA120851C8DB50D008BCEC9 /* main.m in Sources */,
				BEA120BD1C8DB537008BCEC9 /* ViewController+MASAdditions.m in Sources */,
				BEA120BC1C8DB537008BCEC9 /* View+MASAdditions.m in Sources */,
				BEA120B81C8DB537008BCEC9 /* MASViewAttribute.m in Sources */,
				BEA120B51C8DB537008BCEC9 /* MASConstraint.m in Sources */,
				BEA120B61C8DB537008BCEC9 /* MASConstraintMaker.m in Sources */,
			);
			runOnlyForDeploymentPostprocessing = 0;
		};
/* End PBXSourcesBuildPhase section */

/* Begin PBXVariantGroup section */
		BEA1208C1C8DB50D008BCEC9 /* Main.storyboard */ = {
			isa = PBXVariantGroup;
			children = (
				BEA1208D1C8DB50D008BCEC9 /* Base */,
			);
			name = Main.storyboard;
			sourceTree = "<group>";
		};
		BEA120911C8DB50D008BCEC9 /* LaunchScreen.storyboard */ = {
			isa = PBXVariantGroup;
			children = (
				BEA120921C8DB50D008BCEC9 /* Base */,
			);
			name = LaunchScreen.storyboard;
			sourceTree = "<group>";
		};
/* End PBXVariantGroup section */

/* Begin XCBuildConfiguration section */
		BEA120951C8DB50D008BCEC9 /* Debug */ = {
			isa = XCBuildConfiguration;
			buildSettings = {
				ALWAYS_SEARCH_USER_PATHS = NO;
				CLANG_CXX_LANGUAGE_STANDARD = "gnu++0x";
				CLANG_CXX_LIBRARY = "libc++";
				CLANG_ENABLE_MODULES = YES;
				CLANG_ENABLE_OBJC_ARC = YES;
				CLANG_WARN_BOOL_CONVERSION = YES;
				CLANG_WARN_CONSTANT_CONVERSION = YES;
				CLANG_WARN_DIRECT_OBJC_ISA_USAGE = YES_ERROR;
				CLANG_WARN_EMPTY_BODY = YES;
				CLANG_WARN_ENUM_CONVERSION = YES;
				CLANG_WARN_INT_CONVERSION = YES;
				CLANG_WARN_OBJC_ROOT_CLASS = YES_ERROR;
				CLANG_WARN_UNREACHABLE_CODE = YES;
				CLANG_WARN__DUPLICATE_METHOD_MATCH = YES;
				"CODE_SIGN_IDENTITY[sdk=iphoneos*]" = "iPhone Developer";
				COPY_PHASE_STRIP = NO;
				DEBUG_INFORMATION_FORMAT = dwarf;
				ENABLE_STRICT_OBJC_MSGSEND = YES;
				ENABLE_TESTABILITY = YES;
				GCC_C_LANGUAGE_STANDARD = gnu99;
				GCC_DYNAMIC_NO_PIC = NO;
				GCC_NO_COMMON_BLOCKS = YES;
				GCC_OPTIMIZATION_LEVEL = 0;
				GCC_PREPROCESSOR_DEFINITIONS = (
					"DEBUG=1",
					"$(inherited)",
				);
				GCC_WARN_64_TO_32_BIT_CONVERSION = YES;
				GCC_WARN_ABOUT_RETURN_TYPE = YES_ERROR;
				GCC_WARN_UNDECLARED_SELECTOR = YES;
				GCC_WARN_UNINITIALIZED_AUTOS = YES_AGGRESSIVE;
				GCC_WARN_UNUSED_FUNCTION = YES;
				GCC_WARN_UNUSED_VARIABLE = YES;
				IPHONEOS_DEPLOYMENT_TARGET = 9.2;
				MTL_ENABLE_DEBUG_INFO = YES;
				ONLY_ACTIVE_ARCH = YES;
				SDKROOT = iphoneos;
			};
			name = Debug;
		};
		BEA120961C8DB50D008BCEC9 /* Release */ = {
			isa = XCBuildConfiguration;
			buildSettings = {
				ALWAYS_SEARCH_USER_PATHS = NO;
				CLANG_CXX_LANGUAGE_STANDARD = "gnu++0x";
				CLANG_CXX_LIBRARY = "libc++";
				CLANG_ENABLE_MODULES = YES;
				CLANG_ENABLE_OBJC_ARC = YES;
				CLANG_WARN_BOOL_CONVERSION = YES;
				CLANG_WARN_CONSTANT_CONVERSION = YES;
				CLANG_WARN_DIRECT_OBJC_ISA_USAGE = YES_ERROR;
				CLANG_WARN_EMPTY_BODY = YES;
				CLANG_WARN_ENUM_CONVERSION = YES;
				CLANG_WARN_INT_CONVERSION = YES;
				CLANG_WARN_OBJC_ROOT_CLASS = YES_ERROR;
				CLANG_WARN_UNREACHABLE_CODE = YES;
				CLANG_WARN__DUPLICATE_METHOD_MATCH = YES;
				"CODE_SIGN_IDENTITY[sdk=iphoneos*]" = "iPhone Developer";
				COPY_PHASE_STRIP = NO;
				DEBUG_INFORMATION_FORMAT = "dwarf-with-dsym";
				ENABLE_NS_ASSERTIONS = NO;
				ENABLE_STRICT_OBJC_MSGSEND = YES;
				GCC_C_LANGUAGE_STANDARD = gnu99;
				GCC_NO_COMMON_BLOCKS = YES;
				GCC_WARN_64_TO_32_BIT_CONVERSION = YES;
				GCC_WARN_ABOUT_RETURN_TYPE = YES_ERROR;
				GCC_WARN_UNDECLARED_SELECTOR = YES;
				GCC_WARN_UNINITIALIZED_AUTOS = YES_AGGRESSIVE;
				GCC_WARN_UNUSED_FUNCTION = YES;
				GCC_WARN_UNUSED_VARIABLE = YES;
				IPHONEOS_DEPLOYMENT_TARGET = 9.2;
				MTL_ENABLE_DEBUG_INFO = NO;
				SDKROOT = iphoneos;
				VALIDATE_PRODUCT = YES;
			};
			name = Release;
		};
		BEA120981C8DB50D008BCEC9 /* Debug */ = {
			isa = XCBuildConfiguration;
			buildSettings = {
				ASSETCATALOG_COMPILER_APPICON_NAME = AppIcon;
				INFOPLIST_FILE = masonry1/Info.plist;
				LD_RUNPATH_SEARCH_PATHS = "$(inherited) @executable_path/Frameworks";
				PRODUCT_BUNDLE_IDENTIFIER = com.yihaojf.www.masonry1;
				PRODUCT_NAME = "$(TARGET_NAME)";
			};
			name = Debug;
		};
		BEA120991C8DB50D008BCEC9 /* Release */ = {
			isa = XCBuildConfiguration;
			buildSettings = {
				ASSETCATALOG_COMPILER_APPICON_NAME = AppIcon;
				INFOPLIST_FILE = masonry1/Info.plist;
				LD_RUNPATH_SEARCH_PATHS = "$(inherited) @executable_path/Frameworks";
				PRODUCT_BUNDLE_IDENTIFIER = com.yihaojf.www.masonry1;
				PRODUCT_NAME = "$(TARGET_NAME)";
			};
			name = Release;
		};
/* End XCBuildConfiguration section */

/* Begin XCConfigurationList section */
		BEA1207B1C8DB50D008BCEC9 /* Build configuration list for PBXProject "masonry1" */ = {
			isa = XCConfigurationList;
			buildConfigurations = (
				BEA120951C8DB50D008BCEC9 /* Debug */,
				BEA120961C8DB50D008BCEC9 /* Release */,
			);
			defaultConfigurationIsVisible = 0;
			defaultConfigurationName = Release;
		};
		BEA120971C8DB50D008BCEC9 /* Build configuration list for PBXNativeTarget "masonry1" */ = {
			isa = XCConfigurationList;
			buildConfigurations = (
				BEA120981C8DB50D008BCEC9 /* Debug */,
				BEA120991C8DB50D008BCEC9 /* Release */,
			);
			defaultConfigurationIsVisible = 0;
		};
/* End XCConfigurationList section */
	};
	rootObject = BEA120781C8DB50D008BCEC9 /* Project object */;
}
